
Microsoft Visual Studio Solution File, Format Version 12.00
# Visual Studio Version 16
VisualStudioVersion = 16.0.29519.181
MinimumVisualStudioVersion = 10.0.40219.1
Project("{9A19103F-16F7-4668-BE54-9A1E7A4F7556}") = "BBDown", "BBDown\BBDown.csproj", "{0D491417-BFEA-481B-AE1A-3BE69172D818}"
EndProject
Project("{FAE04EC0-301F-11D3-BF4B-00C04F79EFBC}") = "ConvertTest", "ConvertTest\ConvertTest.csproj", "{93B27677-887E-411C-9AFB-17E23A1AF250}"
EndProject
Global
	GlobalSection(SolutionConfigurationPlatforms) = preSolution
		Debug|Any CPU = Debug|Any CPU
		Debug|x64 = Debug|x64
		Debug|x86 = Debug|x86
		Release|Any CPU = Release|Any CPU
		Release|x64 = Release|x64
		Release|x86 = Release|x86
	EndGlobalSection
	GlobalSection(ProjectConfigurationPlatforms) = postSolution
		{0D491417-BFEA-481B-AE1A-3BE69172D818}.Debug|Any CPU.ActiveCfg = Debug|Any CPU
		{0D491417-BFEA-481B-AE1A-3BE69172D818}.Debug|Any CPU.Build.0 = Debug|Any CPU
		{0D491417-BFEA-481B-AE1A-3BE69172D818}.Debug|x64.ActiveCfg = Debug|Any CPU
		{0D491417-BFEA-481B-AE1A-3BE69172D818}.Debug|x64.Build.0 = Debug|Any CPU
		{0D491417-BFEA-481B-AE1A-3BE69172D818}.Debug|x86.ActiveCfg = Debug|Any CPU
		{0D491417-BFEA-481B-AE1A-3BE69172D818}.Debug|x86.Build.0 = Debug|Any CPU
		{0D491417-BFEA-481B-AE1A-3BE69172D818}.Release|Any CPU.ActiveCfg = Release|Any CPU
		{0D491417-BFEA-481B-AE1A-3BE69172D818}.Release|Any CPU.Build.0 = Release|Any CPU
		{0D491417-BFEA-481B-AE1A-3BE69172D818}.Release|x64.ActiveCfg = Release|Any CPU
		{0D491417-BFEA-481B-AE1A-3BE69172D818}.Release|x64.Build.0 = Release|Any CPU
		{0D491417-BFEA-481B-AE1A-3BE69172D818}.Release|x86.ActiveCfg = Release|Any CPU
		{0D491417-BFEA-481B-AE1A-3BE69172D818}.Release|x86.Build.0 = Release|Any CPU
		{93B27677-887E-411C-9AFB-17E23A1AF250}.Debug|Any CPU.ActiveCfg = Debug|Any CPU
		{93B27677-887E-411C-9AFB-17E23A1AF250}.Debug|Any CPU.Build.0 = Debug|Any CPU
		{93B27677-887E-411C-9AFB-17E23A1AF250}.Debug|x64.ActiveCfg = Debug|Any CPU
		{93B27677-887E-411C-9AFB-17E23A1AF250}.Debug|x64.Build.0 = Debug|Any CPU
		{93B27677-887E-411C-9AFB-17E23A1AF250}.Debug|x86.ActiveCfg = Debug|Any CPU
		{93B27677-887E-411C-9AFB-17E23A1AF250}.Debug|x86.Build.0 = Debug|Any CPU
		{93B27677-887E-411C-9AFB-17E23A1AF250}.Release|Any CPU.ActiveCfg = Release|Any CPU
		{93B27677-887E-411C-9AFB-17E23A1AF250}.Release|Any CPU.Build.0 = Release|Any CPU
		{93B27677-887E-411C-9AFB-17E23A1AF250}.Release|x64.ActiveCfg = Release|Any CPU
		{93B27677-887E-411C-9AFB-17E23A1AF250}.Release|x64.Build.0 = Release|Any CPU
		{93B27677-887E-411C-9AFB-17E23A1AF250}.Release|x86.ActiveCfg = Release|Any CPU
		{93B27677-887E-411C-9AFB-17E23A1AF250}.Release|x86.Build.0 = Release|Any CPU
	EndGlobalSection
	GlobalSection(SolutionProperties) = preSolution
		HideSolutionNode = FALSE
	EndGlobalSection
	GlobalSection(ExtensibilityGlobals) = postSolution
		SolutionGuid = {17E08D9B-5969-4301-9674-ADB3EA8E5DF1}
	EndGlobalSection
EndGlobal
